
GITHUB
  remote: fsprojects/FSharpx.Collections
    src/FSharpx.Collections/Collections.fs (e2722ce571f4926586ae907413b4a5511f0ef74e)
    src/FSharpx.Collections/LazyList.fs (e2722ce571f4926586ae907413b4a5511f0ef74e)
    src/FSharpx.Collections/LazyList.fsi (e2722ce571f4926586ae907413b4a5511f0ef74e)
  remote: hedgehogqa/dotnet-hedgehog
    Hedgehog/Gen.fs (3fbccc53af10a497ff6bde4a846924dc937b4631)
    Hedgehog/Numeric.fs (3fbccc53af10a497ff6bde4a846924dc937b4631)
    Hedgehog/Property.fs (3fbccc53af10a497ff6bde4a846924dc937b4631)
    Hedgehog/Random.fs (3fbccc53af10a497ff6bde4a846924dc937b4631)
    Hedgehog/Seed.fs (3fbccc53af10a497ff6bde4a846924dc937b4631)
    Hedgehog/Shrink.fs (3fbccc53af10a497ff6bde4a846924dc937b4631)
    Hedgehog/Tree.fs (3fbccc53af10a497ff6bde4a846924dc937b4631)
  remote: ploeh/dependency-rejection-samples
    FSharp/BookingApi/MaîtreD.fs (f21b5d12181ee2f6a4bce51ffa39f084b7d0966c)
  remote: ploeh/KataTennis
    KataTennis/Tennis.fs (724b4cb397436e75cb0ce2e401edb6dc41b8b369)